{
    "_meta": {
        "hash": {
            "sha256": "6459adeb6ff220e74dc2b2c4f3e914d536c65adbb0fbbf00c7b223118278574d"
        },
        "pipfile-spec": 6,
        "requires": {
            "python_version": "3.6"
        },
        "sources": [
            {
                "name": "pypi",
                "url": "https://pypi.org/simple",
                "verify_ssl": true
            }
        ]
    },
    "default": {
        "certifi": {
            "hashes": [
                "sha256:13e698f54293db9f89122b0581843a782ad0934a4fe0172d2a980ba77fc61bb7",
                "sha256:9fa520c1bacfb634fa7af20a76bcbd3d5fb390481724c597da32c719a7dca4b0"
            ],
            "version": "==2018.4.16"
        },
        "django": {
            "hashes": [
                "sha256:26b34f4417aa38d895b6b5307177b51bc3f4d53179d8696a5c19dcb50582523c",
                "sha256:71d1a584bb4ad2b4f933d07d02c716755c1394feaac1ce61ce37843ac5401092"
            ],
            "index": "pypi",
            "version": "==2.0.5"
        },
        "pipenv": {
            "hashes": [
                "sha256:04b9a8b02a3ff12a5502b335850cfdb192adcfd1d6bbdb7a7c47cae9ab9ddece",
                "sha256:e96d5bfa6822a17b2200d455aa5f9002c14361c50df1b1e51921479d7c09e741"
            ],
            "index": "pypi",
            "version": "==2018.5.18"
        },
        "pytz": {
            "hashes": [
                "sha256:65ae0c8101309c45772196b21b74c46b2e5d11b6275c45d251b150d5da334555",
                "sha256:c06425302f2cf668f1bba7a0a03f3c1d34d4ebeef2c72003da308b3947c7f749"
            ],
            "version": "==2018.4"
        },
        "virtualenv": {
            "hashes": [
                "sha256:2ce32cd126117ce2c539f0134eb89de91a8413a29baac49cbab3eb50e2026669",
                "sha256:ca07b4c0b54e14a91af9f34d0919790b016923d157afda5efdde55c96718f752"
            ],
            "version": "==16.0.0"
        },
        "virtualenv-clone": {
            "hashes": [
                "sha256:4507071d81013fd03ea9930ec26bc8648b997927a11fa80e8ee81198b57e0ac7",
                "sha256:b5cfe535d14dc68dfc1d1bb4ac1209ea28235b91156e2bba8e250d291c3fb4f8"
            ],
            "version": "==0.3.0"
        }
    },
    "develop": {}
}
